{
  "name": "vantr",
  "version": "0.0.0",
  "lockfileVersion": 1,
  "requires": true,
  "dependencies": {
    "@vantr/styles": {
      "version": "0.0.0",
      "requires": {
        "normalize.css": "^8.0.1"
      },
      "dependencies": {
        "normalize.css": {
          "version": "8.0.1",
          "resolved": "https://registry.npm.taobao.org/normalize.css/download/normalize.css-8.0.1.tgz",
          "integrity": "sha1-m5iiCHOLnMJjTKrLxC0THJdIe/M="
        }
      }
    },
    "@vantr/touchable": {
      "version": "0.0.0"
    },
    "classnames": {
      "version": "2.3.1",
      "resolved": "https://registry.nlark.com/classnames/download/classnames-2.3.1.tgz?cache=0&sync_timestamp=1618846966125&other_urls=https%3A%2F%2Fregistry.nlark.com%2Fclassnames%2Fdownload%2Fclassnames-2.3.1.tgz",
      "integrity": "sha1-38+jiR4wbsHa0QXQ6I9EF7hTXo4="
    }
  }
}
